
Microsoft Visual Studio Solution File, Format Version 12.00
# Visual Studio 2015
Project("{FAE04EC0-301F-11D3-BF4B-00C04F79EFBC}") = "LoginDevelopment.CSharp", "LoginDevelopment.CSharp.csproj", "{F3EE37EE-67BC-4361-AD7D-21C743E0015B}"
EndProject
Global
	GlobalSection(SolutionConfigurationPlatforms) = preSolution
		Debug|Any CPU = Debug|Any CPU
		Release|Any CPU = Release|Any CPU
	EndGlobalSection
	GlobalSection(ProjectConfigurationPlatforms) = postSolution
		{F3EE37EE-67BC-4361-AD7D-21C743E0015B}.Debug|Any CPU.ActiveCfg = Debug|Any CPU
		{F3EE37EE-67BC-4361-AD7D-21C743E0015B}.Debug|Any CPU.Build.0 = Debug|Any CPU
		{F3EE37EE-67BC-4361-AD7D-21C743E0015B}.Release|Any CPU.ActiveCfg = Release|Any CPU
		{F3EE37EE-67BC-4361-AD7D-21C743E0015B}.Release|Any CPU.Build.0 = Release|Any CPU
	EndGlobalSection
	GlobalSection(SolutionProperties) = preSolution
		HideSolutionNode = FALSE
	EndGlobalSection
EndGlobal
